
Microsoft Visual Studio Solution File, Format Version 12.00
# Visual Studio Version 16
VisualStudioVersion = 16.0.31105.61
MinimumVisualStudioVersion = 10.0.40219.1
Project("{FAE04EC0-301F-11D3-BF4B-00C04F79EFBC}") = "AbstractFactory", "AbstractFactory\AbstractFactory.csproj", "{64FFEA54-C43E-452B-915C-EE4C308438C6}"
EndProject
Global
	GlobalSection(SolutionConfigurationPlatforms) = preSolution
		Debug|Any CPU = Debug|Any CPU
		Release|Any CPU = Release|Any CPU
	EndGlobalSection
	GlobalSection(ProjectConfigurationPlatforms) = postSolution
		{64FFEA54-C43E-452B-915C-EE4C308438C6}.Debug|Any CPU.ActiveCfg = Debug|Any CPU
		{64FFEA54-C43E-452B-915C-EE4C308438C6}.Debug|Any CPU.Build.0 = Debug|Any CPU
		{64FFEA54-C43E-452B-915C-EE4C308438C6}.Release|Any CPU.ActiveCfg = Release|Any CPU
		{64FFEA54-C43E-452B-915C-EE4C308438C6}.Release|Any CPU.Build.0 = Release|Any CPU
	EndGlobalSection
	GlobalSection(SolutionProperties) = preSolution
		HideSolutionNode = FALSE
	EndGlobalSection
	GlobalSection(ExtensibilityGlobals) = postSolution
		SolutionGuid = {33A02237-DAD1-41A6-A6CA-0A7911C25C95}
	EndGlobalSection
EndGlobal
